
Microsoft Visual Studio Solution File, Format Version 12.00
# Visual Studio Version 17
VisualStudioVersion = 17.10.35004.147
MinimumVisualStudioVersion = 10.0.40219.1
Project("{FAE04EC0-301F-11D3-BF4B-00C04F79EFBC}") = "Slate.KnowledgeBase.Preprocessor", "Slate.KnowledgeBase.Preprocessor.csproj", "{481BDE4C-F124-4B6D-BF0B-2246C8654100}"
EndProject
Global
	GlobalSection(SolutionConfigurationPlatforms) = preSolution
		Debug|Any CPU = Debug|Any CPU
		Release|Any CPU = Release|Any CPU
	EndGlobalSection
	GlobalSection(ProjectConfigurationPlatforms) = postSolution
		{481BDE4C-F124-4B6D-BF0B-2246C8654100}.Debug|Any CPU.ActiveCfg = Debug|Any CPU
		{481BDE4C-F124-4B6D-BF0B-2246C8654100}.Debug|Any CPU.Build.0 = Debug|Any CPU
		{481BDE4C-F124-4B6D-BF0B-2246C8654100}.Release|Any CPU.ActiveCfg = Release|Any CPU
		{481BDE4C-F124-4B6D-BF0B-2246C8654100}.Release|Any CPU.Build.0 = Release|Any CPU
	EndGlobalSection
	GlobalSection(SolutionProperties) = preSolution
		HideSolutionNode = FALSE
	EndGlobalSection
	GlobalSection(ExtensibilityGlobals) = postSolution
		SolutionGuid = {B5EF096D-CF11-4D25-A922-6F3AE3C579CF}
	EndGlobalSection
EndGlobal
